# This file is automatically @generated by Cargo.
# It is not intended for manual editing.
version = 3

[[package]]
name = "autocfg"
version = "1.4.0"
source = "registry+https://github.com/rust-lang/crates.io-index"
checksum = "ace50bade8e6234aa140d9a2f552bbee1db4d353f69b8217bc503490fc1a9f26"

[[package]]
name = "bit-set"
version = "0.5.3"
source = "registry+https://github.com/rust-lang/crates.io-index"
checksum = "0700ddab506f33b20a03b13996eccd309a48e5ff77d0d95926aa0210fb4e95f1"
dependencies = [
 "bit-vec",
]

[[package]]
name = "bit-vec"
version = "0.6.3"
source = "registry+https://github.com/rust-lang/crates.io-index"
checksum = "349f9b6a179ed607305526ca489b34ad0a41aed5f7980fa90eb03160b69598fb"

[[package]]
name = "gcollections"
version = "1.5.0"
source = "registry+https://github.com/rust-lang/crates.io-index"
checksum = "2f551fdf23ef80329f754919669147a71c67b6cfe3569cd93b6fabdd62044377"
dependencies = [
 "bit-set",
 "num-integer",
 "num-traits",
 "trilean",
]

[[package]]
name = "intervallum"
version = "1.4.1"
source = "registry+https://github.com/rust-lang/crates.io-index"
checksum = "18bfda24d3930aa647f90044d5ef87d0c8120f13b86b2d60e8aade66e656e659"
dependencies = [
 "bit-set",
 "gcollections",
 "num-integer",
 "num-traits",
 "trilean",
]

[[package]]
name = "num-integer"
version = "0.1.46"
source = "registry+https://github.com/rust-lang/crates.io-index"
checksum = "7969661fd2958a5cb096e56c8e1ad0444ac2bbcd0061bd28660485a44879858f"
dependencies = [
 "num-traits",
]

[[package]]
name = "num-traits"
version = "0.2.19"
source = "registry+https://github.com/rust-lang/crates.io-index"
checksum = "071dfc062690e90b734c0b2273ce72ad0ffa95f0c74596bc250dcfd960262841"
dependencies = [
 "autocfg",
]

[[package]]
name = "softver"
version = "0.1.0"
dependencies = [
 "intervallum",
]

[[package]]
name = "trilean"
version = "1.1.0"
source = "registry+https://github.com/rust-lang/crates.io-index"
checksum = "683ba5022fe6dbd7133cad150478ccf51bdb6d861515181e5fc6b4323d4fa424"
